
Microsoft Visual Studio Solution File, Format Version 12.00
# Visual Studio 15
VisualStudioVersion = 15.0.26430.14
MinimumVisualStudioVersion = 10.0.40219.1
Project("{FAE04EC0-301F-11D3-BF4B-00C04F79EFBC}") = "DotNet SDK Tutorial", "DotNet SDK Tutorial\DotNet SDK Tutorial.csproj", "{CC068056-3AF0-4773-AD79-0CE3FB2E18FD}"
EndProject
Global
	GlobalSection(SolutionConfigurationPlatforms) = preSolution
		Debug|Any CPU = Debug|Any CPU
		Release|Any CPU = Release|Any CPU
	EndGlobalSection
	GlobalSection(ProjectConfigurationPlatforms) = postSolution
		{CC068056-3AF0-4773-AD79-0CE3FB2E18FD}.Debug|Any CPU.ActiveCfg = Debug|Any CPU
		{CC068056-3AF0-4773-AD79-0CE3FB2E18FD}.Debug|Any CPU.Build.0 = Debug|Any CPU
		{CC068056-3AF0-4773-AD79-0CE3FB2E18FD}.Release|Any CPU.ActiveCfg = Release|Any CPU
		{CC068056-3AF0-4773-AD79-0CE3FB2E18FD}.Release|Any CPU.Build.0 = Release|Any CPU
	EndGlobalSection
	GlobalSection(SolutionProperties) = preSolution
		HideSolutionNode = FALSE
	EndGlobalSection
EndGlobal
